
Microsoft Visual Studio Solution File, Format Version 12.00
# Visual Studio Version 16
VisualStudioVersion = 16.0.31005.135
MinimumVisualStudioVersion = 10.0.40219.1
Project("{FAE04EC0-301F-11D3-BF4B-00C04F79EFBC}") = "AppInsightsHandler", "AppInsightsHandler\AppInsightsHandler.csproj", "{4F1D7020-B5D1-43AB-A3FF-E2F16EB38E53}"
EndProject
Global
	GlobalSection(SolutionConfigurationPlatforms) = preSolution
		Debug|Any CPU = Debug|Any CPU
		Release|Any CPU = Release|Any CPU
	EndGlobalSection
	GlobalSection(ProjectConfigurationPlatforms) = postSolution
		{4F1D7020-B5D1-43AB-A3FF-E2F16EB38E53}.Debug|Any CPU.ActiveCfg = Debug|Any CPU
		{4F1D7020-B5D1-43AB-A3FF-E2F16EB38E53}.Debug|Any CPU.Build.0 = Debug|Any CPU
		{4F1D7020-B5D1-43AB-A3FF-E2F16EB38E53}.Release|Any CPU.ActiveCfg = Release|Any CPU
		{4F1D7020-B5D1-43AB-A3FF-E2F16EB38E53}.Release|Any CPU.Build.0 = Release|Any CPU
	EndGlobalSection
	GlobalSection(SolutionProperties) = preSolution
		HideSolutionNode = FALSE
	EndGlobalSection
	GlobalSection(ExtensibilityGlobals) = postSolution
		SolutionGuid = {E96A5D39-9248-4BFC-B447-DC5F7FBED754}
	EndGlobalSection
EndGlobal
